
Microsoft Visual Studio Solution File, Format Version 12.00
# Visual Studio 15
VisualStudioVersion = 15.0.27428.2002
MinimumVisualStudioVersion = 10.0.40219.1
Project("{FAE04EC0-301F-11D3-BF4B-00C04F79EFBC}") = "Splitterino", "Splitterino\Splitterino.csproj", "{B4035890-FE7B-41DF-A591-945E547E1F4B}"
EndProject
Global
	GlobalSection(SolutionConfigurationPlatforms) = preSolution
		Debug|Any CPU = Debug|Any CPU
		Release|Any CPU = Release|Any CPU
	EndGlobalSection
	GlobalSection(ProjectConfigurationPlatforms) = postSolution
		{B4035890-FE7B-41DF-A591-945E547E1F4B}.Debug|Any CPU.ActiveCfg = Debug|Any CPU
		{B4035890-FE7B-41DF-A591-945E547E1F4B}.Debug|Any CPU.Build.0 = Debug|Any CPU
		{B4035890-FE7B-41DF-A591-945E547E1F4B}.Release|Any CPU.ActiveCfg = Release|Any CPU
		{B4035890-FE7B-41DF-A591-945E547E1F4B}.Release|Any CPU.Build.0 = Release|Any CPU
	EndGlobalSection
	GlobalSection(SolutionProperties) = preSolution
		HideSolutionNode = FALSE
	EndGlobalSection
	GlobalSection(ExtensibilityGlobals) = postSolution
		SolutionGuid = {8BEFF3BA-AC50-4A15-822E-D9C6C49FDCE4}
	EndGlobalSection
EndGlobal
